// !$*UTF8*$!
{
	archiveVersion = 1;
	classes = {
	};
	objectVersion = 50;
	objects = {

/* Begin PBXBuildFile section */
		525AB4E02518511400EEF29A /* AppDelegate.swift in Sources */ = {isa = PBXBuildFile; fileRef = 525AB4DF2518511400EEF29A /* AppDelegate.swift */; };
		525AB4E22518511400EEF29A /* SceneDelegate.swift in Sources */ = {isa = PBXBuildFile; fileRef = 525AB4E12518511400EEF29A /* SceneDelegate.swift */; };
		525AB4E42518511400EEF29A /* ContentView.swift in Sources */ = {isa = PBXBuildFile; fileRef = 525AB4E32518511400EEF29A /* ContentView.swift */; };
		525AB4E62518511500EEF29A /* Assets.xcassets in Resources */ = {isa = PBXBuildFile; fileRef = 525AB4E52518511500EEF29A /* Assets.xcassets */; };
		525AB4E92518511500EEF29A /* Preview Assets.xcassets in Resources */ = {isa = PBXBuildFile; fileRef = 525AB4E82518511500EEF29A /* Preview Assets.xcassets */; };
		525AB4EC2518511500EEF29A /* LaunchScreen.storyboard in Resources */ = {isa = PBXBuildFile; fileRef = 525AB4EA2518511500EEF29A /* LaunchScreen.storyboard */; };
		525AB4F72518511500EEF29A /* countTests.swift in Sources */ = {isa = PBXBuildFile; fileRef = 525AB4F62518511500EEF29A /* countTests.swift */; };
		525AB5022518511500EEF29A /* countUITests.swift in Sources */ = {isa = PBXBuildFile; fileRef = 525AB5012518511500EEF29A /* countUITests.swift */; };
/* End PBXBuildFile section */

/* Begin PBXContainerItemProxy section */
		525AB4F32518511500EEF29A /* PBXContainerItemProxy */ = {
			isa = PBXContainerItemProxy;
			containerPortal = 525AB4D42518511400EEF29A /* Project object */;
			proxyType = 1;
			remoteGlobalIDString = 525AB4DB2518511400EEF29A;
			remoteInfo = count;
		};
		525AB4FE2518511500EEF29A /* PBXContainerItemProxy */ = {
			isa = PBXContainerItemProxy;
			containerPortal = 525AB4D42518511400EEF29A /* Project object */;
			proxyType = 1;
			remoteGlobalIDString = 525AB4DB2518511400EEF29A;
			remoteInfo = count;
		};
/* End PBXContainerItemProxy section */

/* Begin PBXFileReference section */
		525AB4DC2518511400EEF29A /* count.app */ = {isa = PBXFileReference; explicitFileType = wrapper.application; includeInIndex = 0; path = count.app; sourceTree = BUILT_PRODUCTS_DIR; };
		525AB4DF2518511400EEF29A /* AppDelegate.swift */ = {isa = PBXFileReference; lastKnownFileType = sourcecode.swift; path = AppDelegate.swift; sourceTree = "<group>"; };
		525AB4E12518511400EEF29A /* SceneDelegate.swift */ = {isa = PBXFileReference; lastKnownFileType = sourcecode.swift; path = SceneDelegate.swift; sourceTree = "<group>"; };
		525AB4E32518511400EEF29A /* ContentView.swift */ = {isa = PBXFileReference; lastKnownFileType = sourcecode.swift; path = ContentView.swift; sourceTree = "<group>"; };
		525AB4E52518511500EEF29A /* Assets.xcassets */ = {isa = PBXFileReference; lastKnownFileType = folder.assetcatalog; path = Assets.xcassets; sourceTree = "<group>"; };
		525AB4E82518511500EEF29A /* Preview Assets.xcassets */ = {isa = PBXFileReference; lastKnownFileType = folder.assetcatalog; path = "Preview Assets.xcassets"; sourceTree = "<group>"; };
		525AB4EB2518511500EEF29A /* Base */ = {isa = PBXFileReference; lastKnownFileType = file.storyboard; name = Base; path = Base.lproj/LaunchScreen.storyboard; sourceTree = "<group>"; };
		525AB4ED2518511500EEF29A /* Info.plist */ = {isa = PBXFileReference; lastKnownFileType = text.plist.xml; path = Info.plist; sourceTree = "<group>"; };
		525AB4F22518511500EEF29A /* countTests.xctest */ = {isa = PBXFileReference; explicitFileType = wrapper.cfbundle; includeInIndex = 0; path = countTests.xctest; sourceTree = BUILT_PRODUCTS_DIR; };
		525AB4F62518511500EEF29A /* countTests.swift */ = {isa = PBXFileReference; lastKnownFileType = sourcecode.swift; path = countTests.swift; sourceTree = "<group>"; };
		525AB4F82518511500EEF29A /* Info.plist */ = {isa = PBXFileReference; lastKnownFileType = text.plist.xml; path = Info.plist; sourceTree = "<group>"; };
		525AB4FD2518511500EEF29A /* countUITests.xctest */ = {isa = PBXFileReference; explicitFileType = wrapper.cfbundle; includeInIndex = 0; path = countUITests.xctest; sourceTree = BUILT_PRODUCTS_DIR; };
		525AB5012518511500EEF29A /* countUITests.swift */ = {isa = PBXFileReference; lastKnownFileType = sourcecode.swift; path = countUITests.swift; sourceTree = "<group>"; };
		525AB5032518511500EEF29A /* Info.plist */ = {isa = PBXFileReference; lastKnownFileType = text.plist.xml; path = Info.plist; sourceTree = "<group>"; };
/* End PBXFileReference section */

/* Begin PBXFrameworksBuildPhase section */
		525AB4D92518511400EEF29A /* Frameworks */ = {
			isa = PBXFrameworksBuildPhase;
			buildActionMask = 2147483647;
			files = (
			);
			runOnlyForDeploymentPostprocessing = 0;
		};
		525AB4EF2518511500EEF29A /* Frameworks */ = {
			isa = PBXFrameworksBuildPhase;
			buildActionMask = 2147483647;
			files = (
			);
			runOnlyForDeploymentPostprocessing = 0;
		};
		525AB4FA2518511500EEF29A /* Frameworks */ = {
			isa = PBXFrameworksBuildPhase;
			buildActionMask = 2147483647;
			files = (
			);
			runOnlyForDeploymentPostprocessing = 0;
		};
/* End PBXFrameworksBuildPhase section */

/* Begin PBXGroup section */
		525AB4D32518511400EEF29A = {
			isa = PBXGroup;
			children = (
				525AB4DE2518511400EEF29A /* count */,
				525AB4F52518511500EEF29A /* countTests */,
				525AB5002518511500EEF29A /* countUITests */,
				525AB4DD2518511400EEF29A /* Products */,
			);
			sourceTree = "<group>";
		};
		525AB4DD2518511400EEF29A /* Products */ = {
			isa = PBXGroup;
			children = (
				525AB4DC2518511400EEF29A /* count.app */,
				525AB4F22518511500EEF29A /* countTests.xctest */,
				525AB4FD2518511500EEF29A /* countUITests.xctest */,
			);
			name = Products;
			sourceTree = "<group>";
		};
		525AB4DE2518511400EEF29A /* count */ = {
			isa = PBXGroup;
			children = (
				525AB4DF2518511400EEF29A /* AppDelegate.swift */,
				525AB4E12518511400EEF29A /* SceneDelegate.swift */,
				525AB4E32518511400EEF29A /* ContentView.swift */,
				525AB4E52518511500EEF29A /* Assets.xcassets */,
				525AB4EA2518511500EEF29A /* LaunchScreen.storyboard */,
				525AB4ED2518511500EEF29A /* Info.plist */,
				525AB4E72518511500EEF29A /* Preview Content */,
			);
			path = count;
			sourceTree = "<group>";
		};
		525AB4E72518511500EEF29A /* Preview Content */ = {
			isa = PBXGroup;
			children = (
				525AB4E82518511500EEF29A /* Preview Assets.xcassets */,
			);
			path = "Preview Content";
			sourceTree = "<group>";
		};
		525AB4F52518511500EEF29A /* countTests */ = {
			isa = PBXGroup;
			children = (
				525AB4F62518511500EEF29A /* countTests.swift */,
				525AB4F82518511500EEF29A /* Info.plist */,
			);
			path = countTests;
			sourceTree = "<group>";
		};
		525AB5002518511500EEF29A /* countUITests */ = {
			isa = PBXGroup;
			children = (
				525AB5012518511500EEF29A /* countUITests.swift */,
				525AB5032518511500EEF29A /* Info.plist */,
			);
			path = countUITests;
			sourceTree = "<group>";
		};
/* End PBXGroup section */

/* Begin PBXNativeTarget section */
		525AB4DB2518511400EEF29A /* count */ = {
			isa = PBXNativeTarget;
			buildConfigurationList = 525AB5062518511500EEF29A /* Build configuration list for PBXNativeTarget "count" */;
			buildPhases = (
				525AB4D82518511400EEF29A /* Sources */,
				525AB4D92518511400EEF29A /* Frameworks */,
				525AB4DA2518511400EEF29A /* Resources */,
			);
			buildRules = (
			);
			dependencies = (
			);
			name = count;
			productName = count;
			productReference = 525AB4DC2518511400EEF29A /* count.app */;
			productType = "com.apple.product-type.application";
		};
		525AB4F12518511500EEF29A /* countTests */ = {
			isa = PBXNativeTarget;
			buildConfigurationList = 525AB5092518511500EEF29A /* Build configuration list for PBXNativeTarget "countTests" */;
			buildPhases = (
				525AB4EE2518511500EEF29A /* Sources */,
				525AB4EF2518511500EEF29A /* Frameworks */,
				525AB4F02518511500EEF29A /* Resources */,
			);
			buildRules = (
			);
			dependencies = (
				525AB4F42518511500EEF29A /* PBXTargetDependency */,
			);
			name = countTests;
			productName = countTests;
			productReference = 525AB4F22518511500EEF29A /* countTests.xctest */;
			productType = "com.apple.product-type.bundle.unit-test";
		};
		525AB4FC2518511500EEF29A /* countUITests */ = {
			isa = PBXNativeTarget;
			buildConfigurationList = 525AB50C2518511500EEF29A /* Build configuration list for PBXNativeTarget "countUITests" */;
			buildPhases = (
				525AB4F92518511500EEF29A /* Sources */,
				525AB4FA2518511500EEF29A /* Frameworks */,
				525AB4FB2518511500EEF29A /* Resources */,
			);
			buildRules = (
			);
			dependencies = (
				525AB4FF2518511500EEF29A /* PBXTargetDependency */,
			);
			name = countUITests;
			productName = countUITests;
			productReference = 525AB4FD2518511500EEF29A /* countUITests.xctest */;
			productType = "com.apple.product-type.bundle.ui-testing";
		};
/* End PBXNativeTarget section */

/* Begin PBXProject section */
		525AB4D42518511400EEF29A /* Project object */ = {
			isa = PBXProject;
			attributes = {
				LastSwiftUpdateCheck = 1170;
				LastUpgradeCheck = 1170;
				ORGANIZATIONNAME = "MacBook pro";
				TargetAttributes = {
					525AB4DB2518511400EEF29A = {
						CreatedOnToolsVersion = 11.7;
					};
					525AB4F12518511500EEF29A = {
						CreatedOnToolsVersion = 11.7;
						TestTargetID = 525AB4DB2518511400EEF29A;
					};
					525AB4FC2518511500EEF29A = {
						CreatedOnToolsVersion = 11.7;
						TestTargetID = 525AB4DB2518511400EEF29A;
					};
				};
			};
			buildConfigurationList = 525AB4D72518511400EEF29A /* Build configuration list for PBXProject "count" */;
			compatibilityVersion = "Xcode 9.3";
			developmentRegion = en;
			hasScannedForEncodings = 0;
			knownRegions = (
				en,
				Base,
			);
			mainGroup = 525AB4D32518511400EEF29A;
			productRefGroup = 525AB4DD2518511400EEF29A /* Products */;
			projectDirPath = "";
			projectRoot = "";
			targets = (
				525AB4DB2518511400EEF29A /* count */,
				525AB4F12518511500EEF29A /* countTests */,
				525AB4FC2518511500EEF29A /* countUITests */,
			);
		};
/* End PBXProject section */

/* Begin PBXResourcesBuildPhase section */
		525AB4DA2518511400EEF29A /* Resources */ = {
			isa = PBXResourcesBuildPhase;
			buildActionMask = 2147483647;
			files = (
				525AB4EC2518511500EEF29A /* LaunchScreen.storyboard in Resources */,
				525AB4E92518511500EEF29A /* Preview Assets.xcassets in Resources */,
				525AB4E62518511500EEF29A /* Assets.xcassets in Resources */,
			);
			runOnlyForDeploymentPostprocessing = 0;
		};
		525AB4F02518511500EEF29A /* Resources */ = {
			isa = PBXResourcesBuildPhase;
			buildActionMask = 2147483647;
			files = (
			);
			runOnlyForDeploymentPostprocessing = 0;
		};
		525AB4FB2518511500EEF29A /* Resources */ = {
			isa = PBXResourcesBuildPhase;
			buildActionMask = 2147483647;
			files = (
			);
			runOnlyForDeploymentPostprocessing = 0;
		};
/* End PBXResourcesBuildPhase section */

/* Begin PBXSourcesBuildPhase section */
		525AB4D82518511400EEF29A /* Sources */ = {
			isa = PBXSourcesBuildPhase;
			buildActionMask = 2147483647;
			files = (
				525AB4E02518511400EEF29A /* AppDelegate.swift in Sources */,
				525AB4E22518511400EEF29A /* SceneDelegate.swift in Sources */,
				525AB4E42518511400EEF29A /* ContentView.swift in Sources */,
			);
			runOnlyForDeploymentPostprocessing = 0;
		};
		525AB4EE2518511500EEF29A /* Sources */ = {
			isa = PBXSourcesBuildPhase;
			buildActionMask = 2147483647;
			files = (
				525AB4F72518511500EEF29A /* countTests.swift in Sources */,
			);
			runOnlyForDeploymentPostprocessing = 0;
		};
		525AB4F92518511500EEF29A /* Sources */ = {
			isa = PBXSourcesBuildPhase;
			buildActionMask = 2147483647;
			files = (
				525AB5022518511500EEF29A /* countUITests.swift in Sources */,
			);
			runOnlyForDeploymentPostprocessing = 0;
		};
/* End PBXSourcesBuildPhase section */

/* Begin PBXTargetDependency section */
		525AB4F42518511500EEF29A /* PBXTargetDependency */ = {
			isa = PBXTargetDependency;
			target = 525AB4DB2518511400EEF29A /* count */;
			targetProxy = 525AB4F32518511500EEF29A /* PBXContainerItemProxy */;
		};
		525AB4FF2518511500EEF29A /* PBXTargetDependency */ = {
			isa = PBXTargetDependency;
			target = 525AB4DB2518511400EEF29A /* count */;
			targetProxy = 525AB4FE2518511500EEF29A /* PBXContainerItemProxy */;
		};
/* End PBXTargetDependency section */

/* Begin PBXVariantGroup section */
		525AB4EA2518511500EEF29A /* LaunchScreen.storyboard */ = {
			isa = PBXVariantGroup;
			children = (
				525AB4EB2518511500EEF29A /* Base */,
			);
			name = LaunchScreen.storyboard;
			sourceTree = "<group>";
		};
/* End PBXVariantGroup section */

/* Begin XCBuildConfiguration section */
		525AB5042518511500EEF29A /* Debug */ = {
			isa = XCBuildConfiguration;
			buildSettings = {
				ALWAYS_SEARCH_USER_PATHS = NO;
				CLANG_ANALYZER_NONNULL = YES;
				CLANG_ANALYZER_NUMBER_OBJECT_CONVERSION = YES_AGGRESSIVE;
				CLANG_CXX_LANGUAGE_STANDARD = "gnu++14";
				CLANG_CXX_LIBRARY = "libc++";
				CLANG_ENABLE_MODULES = YES;
				CLANG_ENABLE_OBJC_ARC = YES;
				CLANG_ENABLE_OBJC_WEAK = YES;
				CLANG_WARN_BLOCK_CAPTURE_AUTORELEASING = YES;
				CLANG_WARN_BOOL_CONVERSION = YES;
				CLANG_WARN_COMMA = YES;
				CLANG_WARN_CONSTANT_CONVERSION = YES;
				CLANG_WARN_DEPRECATED_OBJC_IMPLEMENTATIONS = YES;
				CLANG_WARN_DIRECT_OBJC_ISA_USAGE = YES_ERROR;
				CLANG_WARN_DOCUMENTATION_COMMENTS = YES;
				CLANG_WARN_EMPTY_BODY = YES;
				CLANG_WARN_ENUM_CONVERSION = YES;
				CLANG_WARN_INFINITE_RECURSION = YES;
				CLANG_WARN_INT_CONVERSION = YES;
				CLANG_WARN_NON_LITERAL_NULL_CONVERSION = YES;
				CLANG_WARN_OBJC_IMPLICIT_RETAIN_SELF = YES;
				CLANG_WARN_OBJC_LITERAL_CONVERSION = YES;
				CLANG_WARN_OBJC_ROOT_CLASS = YES_ERROR;
				CLANG_WARN_RANGE_LOOP_ANALYSIS = YES;
				CLANG_WARN_STRICT_PROTOTYPES = YES;
				CLANG_WARN_SUSPICIOUS_MOVE = YES;
				CLANG_WARN_UNGUARDED_AVAILABILITY = YES_AGGRESSIVE;
				CLANG_WARN_UNREACHABLE_CODE = YES;
				CLANG_WARN__DUPLICATE_METHOD_MATCH = YES;
				COPY_PHASE_STRIP = NO;
				DEBUG_INFORMATION_FORMAT = dwarf;
				ENABLE_STRICT_OBJC_MSGSEND = YES;
				ENABLE_TESTABILITY = YES;
				GCC_C_LANGUAGE_STANDARD = gnu11;
				GCC_DYNAMIC_NO_PIC = NO;
				GCC_NO_COMMON_BLOCKS = YES;
				GCC_OPTIMIZATION_LEVEL = 0;
				GCC_PREPROCESSOR_DEFINITIONS = (
					"DEBUG=1",
					"$(inherited)",
				);
				GCC_WARN_64_TO_32_BIT_CONVERSION = YES;
				GCC_WARN_ABOUT_RETURN_TYPE = YES_ERROR;
				GCC_WARN_UNDECLARED_SELECTOR = YES;
				GCC_WARN_UNINITIALIZED_AUTOS = YES_AGGRESSIVE;
				GCC_WARN_UNUSED_FUNCTION = YES;
				GCC_WARN_UNUSED_VARIABLE = YES;
				IPHONEOS_DEPLOYMENT_TARGET = 13.7;
				MTL_ENABLE_DEBUG_INFO = INCLUDE_SOURCE;
				MTL_FAST_MATH = YES;
				ONLY_ACTIVE_ARCH = YES;
				SDKROOT = iphoneos;
				SWIFT_ACTIVE_COMPILATION_CONDITIONS = DEBUG;
				SWIFT_OPTIMIZATION_LEVEL = "-Onone";
			};
			name = Debug;
		};
		525AB5052518511500EEF29A /* Release */ = {
			isa = XCBuildConfiguration;
			buildSettings = {
				ALWAYS_SEARCH_USER_PATHS = NO;
				CLANG_ANALYZER_NONNULL = YES;
				CLANG_ANALYZER_NUMBER_OBJECT_CONVERSION = YES_AGGRESSIVE;
				CLANG_CXX_LANGUAGE_STANDARD = "gnu++14";
				CLANG_CXX_LIBRARY = "libc++";
				CLANG_ENABLE_MODULES = YES;
				CLANG_ENABLE_OBJC_ARC = YES;
				CLANG_ENABLE_OBJC_WEAK = YES;
				CLANG_WARN_BLOCK_CAPTURE_AUTORELEASING = YES;
				CLANG_WARN_BOOL_CONVERSION = YES;
				CLANG_WARN_COMMA = YES;
				CLANG_WARN_CONSTANT_CONVERSION = YES;
				CLANG_WARN_DEPRECATED_OBJC_IMPLEMENTATIONS = YES;
				CLANG_WARN_DIRECT_OBJC_ISA_USAGE = YES_ERROR;
				CLANG_WARN_DOCUMENTATION_COMMENTS = YES;
				CLANG_WARN_EMPTY_BODY = YES;
				CLANG_WARN_ENUM_CONVERSION = YES;
				CLANG_WARN_INFINITE_RECURSION = YES;
				CLANG_WARN_INT_CONVERSION = YES;
				CLANG_WARN_NON_LITERAL_NULL_CONVERSION = YES;
				CLANG_WARN_OBJC_IMPLICIT_RETAIN_SELF = YES;
				CLANG_WARN_OBJC_LITERAL_CONVERSION = YES;
				CLANG_WARN_OBJC_ROOT_CLASS = YES_ERROR;
				CLANG_WARN_RANGE_LOOP_ANALYSIS = YES;
				CLANG_WARN_STRICT_PROTOTYPES = YES;
				CLANG_WARN_SUSPICIOUS_MOVE = YES;
				CLANG_WARN_UNGUARDED_AVAILABILITY = YES_AGGRESSIVE;
				CLANG_WARN_UNREACHABLE_CODE = YES;
				CLANG_WARN__DUPLICATE_METHOD_MATCH = YES;
				COPY_PHASE_STRIP = NO;
				DEBUG_INFORMATION_FORMAT = "dwarf-with-dsym";
				ENABLE_NS_ASSERTIONS = NO;
				ENABLE_STRICT_OBJC_MSGSEND = YES;
				GCC_C_LANGUAGE_STANDARD = gnu11;
				GCC_NO_COMMON_BLOCKS = YES;
				GCC_WARN_64_TO_32_BIT_CONVERSION = YES;
				GCC_WARN_ABOUT_RETURN_TYPE = YES_ERROR;
				GCC_WARN_UNDECLARED_SELECTOR = YES;
				GCC_WARN_UNINITIALIZED_AUTOS = YES_AGGRESSIVE;
				GCC_WARN_UNUSED_FUNCTION = YES;
				GCC_WARN_UNUSED_VARIABLE = YES;
				IPHONEOS_DEPLOYMENT_TARGET = 13.7;
				MTL_ENABLE_DEBUG_INFO = NO;
				MTL_FAST_MATH = YES;
				SDKROOT = iphoneos;
				SWIFT_COMPILATION_MODE = wholemodule;
				SWIFT_OPTIMIZATION_LEVEL = "-O";
				VALIDATE_PRODUCT = YES;
			};
			name = Release;
		};
		525AB5072518511500EEF29A /* Debug */ = {
			isa = XCBuildConfiguration;
			buildSettings = {
				ASSETCATALOG_COMPILER_APPICON_NAME = AppIcon;
				CODE_SIGN_STYLE = Automatic;
				DEVELOPMENT_ASSET_PATHS = "\"count/Preview Content\"";
				ENABLE_PREVIEWS = YES;
				INFOPLIST_FILE = count/Info.plist;
				LD_RUNPATH_SEARCH_PATHS = (
					"$(inherited)",
					"@executable_path/Frameworks",
				);
				PRODUCT_BUNDLE_IDENTIFIER = kkkak.count;
				PRODUCT_NAME = "$(TARGET_NAME)";
				SWIFT_VERSION = 5.0;
				TARGETED_DEVICE_FAMILY = "1,2";
			};
			name = Debug;
		};
		525AB5082518511500EEF29A /* Release */ = {
			isa = XCBuildConfiguration;
			buildSettings = {
				ASSETCATALOG_COMPILER_APPICON_NAME = AppIcon;
				CODE_SIGN_STYLE = Automatic;
				DEVELOPMENT_ASSET_PATHS = "\"count/Preview Content\"";
				ENABLE_PREVIEWS = YES;
				INFOPLIST_FILE = count/Info.plist;
				LD_RUNPATH_SEARCH_PATHS = (
					"$(inherited)",
					"@executable_path/Frameworks",
				);
				PRODUCT_BUNDLE_IDENTIFIER = kkkak.count;
				PRODUCT_NAME = "$(TARGET_NAME)";
				SWIFT_VERSION = 5.0;
				TARGETED_DEVICE_FAMILY = "1,2";
			};
			name = Release;
		};
		525AB50A2518511500EEF29A /* Debug */ = {
			isa = XCBuildConfiguration;
			buildSettings = {
				ALWAYS_EMBED_SWIFT_STANDARD_LIBRARIES = YES;
				BUNDLE_LOADER = "$(TEST_HOST)";
				CODE_SIGN_STYLE = Automatic;
				INFOPLIST_FILE = countTests/Info.plist;
				IPHONEOS_DEPLOYMENT_TARGET = 13.7;
				LD_RUNPATH_SEARCH_PATHS = (
					"$(inherited)",
					"@executable_path/Frameworks",
					"@loader_path/Frameworks",
				);
				PRODUCT_BUNDLE_IDENTIFIER = kkkak.countTests;
				PRODUCT_NAME = "$(TARGET_NAME)";
				SWIFT_VERSION = 5.0;
				TARGETED_DEVICE_FAMILY = "1,2";
				TEST_HOST = "$(BUILT_PRODUCTS_DIR)/count.app/count";
			};
			name = Debug;
		};
		525AB50B2518511500EEF29A /* Release */ = {
			isa = XCBuildConfiguration;
			buildSettings = {
				ALWAYS_EMBED_SWIFT_STANDARD_LIBRARIES = YES;
				BUNDLE_LOADER = "$(TEST_HOST)";
				CODE_SIGN_STYLE = Automatic;
				INFOPLIST_FILE = countTests/Info.plist;
				IPHONEOS_DEPLOYMENT_TARGET = 13.7;
				LD_RUNPATH_SEARCH_PATHS = (
					"$(inherited)",
					"@executable_path/Frameworks",
					"@loader_path/Frameworks",
				);
				PRODUCT_BUNDLE_IDENTIFIER = kkkak.countTests;
				PRODUCT_NAME = "$(TARGET_NAME)";
				SWIFT_VERSION = 5.0;
				TARGETED_DEVICE_FAMILY = "1,2";
				TEST_HOST = "$(BUILT_PRODUCTS_DIR)/count.app/count";
			};
			name = Release;
		};
		525AB50D2518511500EEF29A /* Debug */ = {
			isa = XCBuildConfiguration;
			buildSettings = {
				ALWAYS_EMBED_SWIFT_STANDARD_LIBRARIES = YES;
				CODE_SIGN_STYLE = Automatic;
				INFOPLIST_FILE = countUITests/Info.plist;
				LD_RUNPATH_SEARCH_PATHS = (
					"$(inherited)",
					"@executable_path/Frameworks",
					"@loader_path/Frameworks",
				);
				PRODUCT_BUNDLE_IDENTIFIER = kkkak.countUITests;
				PRODUCT_NAME = "$(TARGET_NAME)";
				SWIFT_VERSION = 5.0;
				TARGETED_DEVICE_FAMILY = "1,2";
				TEST_TARGET_NAME = count;
			};
			name = Debug;
		};
		525AB50E2518511500EEF29A /* Release */ = {
			isa = XCBuildConfiguration;
			buildSettings = {
				ALWAYS_EMBED_SWIFT_STANDARD_LIBRARIES = YES;
				CODE_SIGN_STYLE = Automatic;
				INFOPLIST_FILE = countUITests/Info.plist;
				LD_RUNPATH_SEARCH_PATHS = (
					"$(inherited)",
					"@executable_path/Frameworks",
					"@loader_path/Frameworks",
				);
				PRODUCT_BUNDLE_IDENTIFIER = kkkak.countUITests;
				PRODUCT_NAME = "$(TARGET_NAME)";
				SWIFT_VERSION = 5.0;
				TARGETED_DEVICE_FAMILY = "1,2";
				TEST_TARGET_NAME = count;
			};
			name = Release;
		};
/* End XCBuildConfiguration section */

/* Begin XCConfigurationList section */
		525AB4D72518511400EEF29A /* Build configuration list for PBXProject "count" */ = {
			isa = XCConfigurationList;
			buildConfigurations = (
				525AB5042518511500EEF29A /* Debug */,
				525AB5052518511500EEF29A /* Release */,
			);
			defaultConfigurationIsVisible = 0;
			defaultConfigurationName = Release;
		};
		525AB5062518511500EEF29A /* Build configuration list for PBXNativeTarget "count" */ = {
			isa = XCConfigurationList;
			buildConfigurations = (
				525AB5072518511500EEF29A /* Debug */,
				525AB5082518511500EEF29A /* Release */,
			);
			defaultConfigurationIsVisible = 0;
			defaultConfigurationName = Release;
		};
		525AB5092518511500EEF29A /* Build configuration list for PBXNativeTarget "countTests" */ = {
			isa = XCConfigurationList;
			buildConfigurations = (
				525AB50A2518511500EEF29A /* Debug */,
				525AB50B2518511500EEF29A /* Release */,
			);
			defaultConfigurationIsVisible = 0;
			defaultConfigurationName = Release;
		};
		525AB50C2518511500EEF29A /* Build configuration list for PBXNativeTarget "countUITests" */ = {
			isa = XCConfigurationList;
			buildConfigurations = (
				525AB50D2518511500EEF29A /* Debug */,
				525AB50E2518511500EEF29A /* Release */,
			);
			defaultConfigurationIsVisible = 0;
			defaultConfigurationName = Release;
		};
/* End XCConfigurationList section */
	};
	rootObject = 525AB4D42518511400EEF29A /* Project object */;
}
